
Microsoft Visual Studio Solution File, Format Version 12.00
# Visual Studio Version 17
VisualStudioVersion = 17.1.32421.90
MinimumVisualStudioVersion = 10.0.40219.1
Project("{2150E333-8FDC-42A3-9474-1A3956D46DE8}") = "Products", "Products", "{B439C770-0301-4DAB-89E6-BB8B9A11A471}"
EndProject
Project("{2150E333-8FDC-42A3-9474-1A3956D46DE8}") = "src", "src", "{DA533770-E706-4596-9B0A-3A0410A54640}"
EndProject
Project("{2150E333-8FDC-42A3-9474-1A3956D46DE8}") = "ApiGateway", "ApiGateway", "{B0A0489A-7AC1-44AD-9BE4-123337247C4E}"
EndProject
Project("{2150E333-8FDC-42A3-9474-1A3956D46DE8}") = "Services", "Services", "{686C5BE8-090B-4391-8A67-21B92E37ABB0}"
EndProject
Project("{2150E333-8FDC-42A3-9474-1A3956D46DE8}") = "WebApp", "WebApp", "{DED56888-8D10-4382-A404-7A594290D707}"
EndProject
Project("{2150E333-8FDC-42A3-9474-1A3956D46DE8}") = "Common", "Common", "{3E6202D9-A918-4C35-A891-91A5A5B458F6}"
EndProject
Project("{2150E333-8FDC-42A3-9474-1A3956D46DE8}") = "Order", "Order", "{43D91514-C923-495D-A84A-97C40AA380A9}"
EndProject
Project("{2150E333-8FDC-42A3-9474-1A3956D46DE8}") = "Sourcing", "Sourcing", "{C5FBA1ED-1C71-44E0-8E38-E061BDDB18C1}"
EndProject
Project("{9A19103F-16F7-4668-BE54-9A1E7A4F7556}") = "MicroService.Products", "MicroService.Products\MicroService.Products.csproj", "{77C9B2E4-BF34-4666-A845-375D6BDE1BB7}"
EndProject
Project("{E53339B2-1760-4266-BCC7-CA923CBCF16C}") = "docker-compose", "docker-compose.dcproj", "{46ABC901-A678-4C76-A6BF-04FAEE25FEDA}"
EndProject
Project("{9A19103F-16F7-4668-BE54-9A1E7A4F7556}") = "MicroService.Sourcing", "MicroService.Sourcing\MicroService.Sourcing.csproj", "{85B99549-4911-437E-AA49-DD02A5ED89B6}"
EndProject
Project("{9A19103F-16F7-4668-BE54-9A1E7A4F7556}") = "EventBusRabbitMQ", "EventBusRabbitMQ\EventBusRabbitMQ.csproj", "{0A841B36-603D-4773-92F3-551375F14212}"
EndProject
Project("{9A19103F-16F7-4668-BE54-9A1E7A4F7556}") = "MicroService.Order", "MicroService.Order\MicroService.Order.csproj", "{9A4BD4A1-2C84-4000-9F47-6064968E3FBE}"
EndProject
Project("{9A19103F-16F7-4668-BE54-9A1E7A4F7556}") = "Order.Domain", "Order.Domain\Order.Domain.csproj", "{E4A21CA5-8350-48D9-BFDB-A22305FE93E4}"
EndProject
Project("{9A19103F-16F7-4668-BE54-9A1E7A4F7556}") = "Order.Application", "Order.Application\Order.Application.csproj", "{46DA3564-4CDD-4BEE-A0EB-04DF0A8A42C0}"
EndProject
Project("{9A19103F-16F7-4668-BE54-9A1E7A4F7556}") = "Order.Infrastructure", "Order.Infrastructure\Order.Infrastructure.csproj", "{691649A8-86D4-42CB-BE5A-19BDD228B955}"
EndProject
Project("{FAE04EC0-301F-11D3-BF4B-00C04F79EFBC}") = "MicroService.ApiGateway", "MicroService.ApiGateway\MicroService.ApiGateway.csproj", "{86062ADE-8997-4C0B-AC3E-F8481DED2706}"
EndProject
Project("{FAE04EC0-301F-11D3-BF4B-00C04F79EFBC}") = "MicroService.UI", "MicroService.UI\MicroService.UI.csproj", "{D4652D61-ADF8-40E3-ADFF-4E65FC22F4FA}"
EndProject
Project("{FAE04EC0-301F-11D3-BF4B-00C04F79EFBC}") = "MicroService.UI.Core", "MicroService.UI.Core\MicroService.UI.Core.csproj", "{7E14B4FE-5A55-4A3F-8F9B-099B2EA893C1}"
EndProject
Project("{FAE04EC0-301F-11D3-BF4B-00C04F79EFBC}") = "MicroService.UI.Infrastructure", "MicroService.UI.Infrastructure\MicroService.UI.Infrastructure.csproj", "{C0887986-4575-4F99-A67B-E43CC2E0E3FD}"
EndProject
Global
	GlobalSection(SolutionConfigurationPlatforms) = preSolution
		Debug|Any CPU = Debug|Any CPU
		Release|Any CPU = Release|Any CPU
	EndGlobalSection
	GlobalSection(ProjectConfigurationPlatforms) = postSolution
		{77C9B2E4-BF34-4666-A845-375D6BDE1BB7}.Debug|Any CPU.ActiveCfg = Debug|Any CPU
		{77C9B2E4-BF34-4666-A845-375D6BDE1BB7}.Debug|Any CPU.Build.0 = Debug|Any CPU
		{77C9B2E4-BF34-4666-A845-375D6BDE1BB7}.Release|Any CPU.ActiveCfg = Release|Any CPU
		{77C9B2E4-BF34-4666-A845-375D6BDE1BB7}.Release|Any CPU.Build.0 = Release|Any CPU
		{46ABC901-A678-4C76-A6BF-04FAEE25FEDA}.Debug|Any CPU.ActiveCfg = Debug|Any CPU
		{46ABC901-A678-4C76-A6BF-04FAEE25FEDA}.Debug|Any CPU.Build.0 = Debug|Any CPU
		{46ABC901-A678-4C76-A6BF-04FAEE25FEDA}.Release|Any CPU.ActiveCfg = Release|Any CPU
		{46ABC901-A678-4C76-A6BF-04FAEE25FEDA}.Release|Any CPU.Build.0 = Release|Any CPU
		{85B99549-4911-437E-AA49-DD02A5ED89B6}.Debug|Any CPU.ActiveCfg = Debug|Any CPU
		{85B99549-4911-437E-AA49-DD02A5ED89B6}.Debug|Any CPU.Build.0 = Debug|Any CPU
		{85B99549-4911-437E-AA49-DD02A5ED89B6}.Release|Any CPU.ActiveCfg = Release|Any CPU
		{85B99549-4911-437E-AA49-DD02A5ED89B6}.Release|Any CPU.Build.0 = Release|Any CPU
		{0A841B36-603D-4773-92F3-551375F14212}.Debug|Any CPU.ActiveCfg = Debug|Any CPU
		{0A841B36-603D-4773-92F3-551375F14212}.Debug|Any CPU.Build.0 = Debug|Any CPU
		{0A841B36-603D-4773-92F3-551375F14212}.Release|Any CPU.ActiveCfg = Release|Any CPU
		{0A841B36-603D-4773-92F3-551375F14212}.Release|Any CPU.Build.0 = Release|Any CPU
		{9A4BD4A1-2C84-4000-9F47-6064968E3FBE}.Debug|Any CPU.ActiveCfg = Debug|Any CPU
		{9A4BD4A1-2C84-4000-9F47-6064968E3FBE}.Debug|Any CPU.Build.0 = Debug|Any CPU
		{9A4BD4A1-2C84-4000-9F47-6064968E3FBE}.Release|Any CPU.ActiveCfg = Release|Any CPU
		{9A4BD4A1-2C84-4000-9F47-6064968E3FBE}.Release|Any CPU.Build.0 = Release|Any CPU
		{E4A21CA5-8350-48D9-BFDB-A22305FE93E4}.Debug|Any CPU.ActiveCfg = Debug|Any CPU
		{E4A21CA5-8350-48D9-BFDB-A22305FE93E4}.Debug|Any CPU.Build.0 = Debug|Any CPU
		{E4A21CA5-8350-48D9-BFDB-A22305FE93E4}.Release|Any CPU.ActiveCfg = Release|Any CPU
		{E4A21CA5-8350-48D9-BFDB-A22305FE93E4}.Release|Any CPU.Build.0 = Release|Any CPU
		{46DA3564-4CDD-4BEE-A0EB-04DF0A8A42C0}.Debug|Any CPU.ActiveCfg = Debug|Any CPU
		{46DA3564-4CDD-4BEE-A0EB-04DF0A8A42C0}.Debug|Any CPU.Build.0 = Debug|Any CPU
		{46DA3564-4CDD-4BEE-A0EB-04DF0A8A42C0}.Release|Any CPU.ActiveCfg = Release|Any CPU
		{46DA3564-4CDD-4BEE-A0EB-04DF0A8A42C0}.Release|Any CPU.Build.0 = Release|Any CPU
		{691649A8-86D4-42CB-BE5A-19BDD228B955}.Debug|Any CPU.ActiveCfg = Debug|Any CPU
		{691649A8-86D4-42CB-BE5A-19BDD228B955}.Debug|Any CPU.Build.0 = Debug|Any CPU
		{691649A8-86D4-42CB-BE5A-19BDD228B955}.Release|Any CPU.ActiveCfg = Release|Any CPU
		{691649A8-86D4-42CB-BE5A-19BDD228B955}.Release|Any CPU.Build.0 = Release|Any CPU
		{86062ADE-8997-4C0B-AC3E-F8481DED2706}.Debug|Any CPU.ActiveCfg = Debug|Any CPU
		{86062ADE-8997-4C0B-AC3E-F8481DED2706}.Debug|Any CPU.Build.0 = Debug|Any CPU
		{86062ADE-8997-4C0B-AC3E-F8481DED2706}.Release|Any CPU.ActiveCfg = Release|Any CPU
		{86062ADE-8997-4C0B-AC3E-F8481DED2706}.Release|Any CPU.Build.0 = Release|Any CPU
		{D4652D61-ADF8-40E3-ADFF-4E65FC22F4FA}.Debug|Any CPU.ActiveCfg = Debug|Any CPU
		{D4652D61-ADF8-40E3-ADFF-4E65FC22F4FA}.Debug|Any CPU.Build.0 = Debug|Any CPU
		{D4652D61-ADF8-40E3-ADFF-4E65FC22F4FA}.Release|Any CPU.ActiveCfg = Release|Any CPU
		{D4652D61-ADF8-40E3-ADFF-4E65FC22F4FA}.Release|Any CPU.Build.0 = Release|Any CPU
		{7E14B4FE-5A55-4A3F-8F9B-099B2EA893C1}.Debug|Any CPU.ActiveCfg = Debug|Any CPU
		{7E14B4FE-5A55-4A3F-8F9B-099B2EA893C1}.Debug|Any CPU.Build.0 = Debug|Any CPU
		{7E14B4FE-5A55-4A3F-8F9B-099B2EA893C1}.Release|Any CPU.ActiveCfg = Release|Any CPU
		{7E14B4FE-5A55-4A3F-8F9B-099B2EA893C1}.Release|Any CPU.Build.0 = Release|Any CPU
		{C0887986-4575-4F99-A67B-E43CC2E0E3FD}.Debug|Any CPU.ActiveCfg = Debug|Any CPU
		{C0887986-4575-4F99-A67B-E43CC2E0E3FD}.Debug|Any CPU.Build.0 = Debug|Any CPU
		{C0887986-4575-4F99-A67B-E43CC2E0E3FD}.Release|Any CPU.ActiveCfg = Release|Any CPU
		{C0887986-4575-4F99-A67B-E43CC2E0E3FD}.Release|Any CPU.Build.0 = Release|Any CPU
	EndGlobalSection
	GlobalSection(SolutionProperties) = preSolution
		HideSolutionNode = FALSE
	EndGlobalSection
	GlobalSection(NestedProjects) = preSolution
		{B439C770-0301-4DAB-89E6-BB8B9A11A471} = {686C5BE8-090B-4391-8A67-21B92E37ABB0}
		{B0A0489A-7AC1-44AD-9BE4-123337247C4E} = {DA533770-E706-4596-9B0A-3A0410A54640}
		{686C5BE8-090B-4391-8A67-21B92E37ABB0} = {DA533770-E706-4596-9B0A-3A0410A54640}
		{DED56888-8D10-4382-A404-7A594290D707} = {DA533770-E706-4596-9B0A-3A0410A54640}
		{3E6202D9-A918-4C35-A891-91A5A5B458F6} = {686C5BE8-090B-4391-8A67-21B92E37ABB0}
		{43D91514-C923-495D-A84A-97C40AA380A9} = {686C5BE8-090B-4391-8A67-21B92E37ABB0}
		{C5FBA1ED-1C71-44E0-8E38-E061BDDB18C1} = {686C5BE8-090B-4391-8A67-21B92E37ABB0}
		{77C9B2E4-BF34-4666-A845-375D6BDE1BB7} = {B439C770-0301-4DAB-89E6-BB8B9A11A471}
		{85B99549-4911-437E-AA49-DD02A5ED89B6} = {C5FBA1ED-1C71-44E0-8E38-E061BDDB18C1}
		{0A841B36-603D-4773-92F3-551375F14212} = {3E6202D9-A918-4C35-A891-91A5A5B458F6}
		{9A4BD4A1-2C84-4000-9F47-6064968E3FBE} = {43D91514-C923-495D-A84A-97C40AA380A9}
		{E4A21CA5-8350-48D9-BFDB-A22305FE93E4} = {43D91514-C923-495D-A84A-97C40AA380A9}
		{46DA3564-4CDD-4BEE-A0EB-04DF0A8A42C0} = {43D91514-C923-495D-A84A-97C40AA380A9}
		{691649A8-86D4-42CB-BE5A-19BDD228B955} = {43D91514-C923-495D-A84A-97C40AA380A9}
		{86062ADE-8997-4C0B-AC3E-F8481DED2706} = {B0A0489A-7AC1-44AD-9BE4-123337247C4E}
		{D4652D61-ADF8-40E3-ADFF-4E65FC22F4FA} = {DED56888-8D10-4382-A404-7A594290D707}
		{7E14B4FE-5A55-4A3F-8F9B-099B2EA893C1} = {DED56888-8D10-4382-A404-7A594290D707}
		{C0887986-4575-4F99-A67B-E43CC2E0E3FD} = {DED56888-8D10-4382-A404-7A594290D707}
	EndGlobalSection
	GlobalSection(ExtensibilityGlobals) = postSolution
		SolutionGuid = {7E663739-117C-4246-8DF9-E5BF60D05720}
	EndGlobalSection
EndGlobal
